// !$*UTF8*$!
{
	archiveVersion = 1;
	classes = {
	};
	objectVersion = 52;
	objects = {

/* Begin PBXBuildFile section */
		1B2CE8D92521ED100016C194 /* SwiftUICharts in Frameworks */ = {isa = PBXBuildFile; productRef = 1B2CE8D82521ED100016C194 /* SwiftUICharts */; };
		1B2CE8DD2521F6DE0016C194 /* ChartCard.swift in Sources */ = {isa = PBXBuildFile; fileRef = 1B2CE8DC2521F6DE0016C194 /* ChartCard.swift */; };
		1B2CE8E02521F8740016C194 /* SingleChartCard.swift in Sources */ = {isa = PBXBuildFile; fileRef = 1B2CE8DF2521F8740016C194 /* SingleChartCard.swift */; };
		1B2CE8E42521FB980016C194 /* Customers.swift in Sources */ = {isa = PBXBuildFile; fileRef = 1B2CE8E32521FB980016C194 /* Customers.swift */; };
		1B2CE8E72521FBC90016C194 /* Customer.swift in Sources */ = {isa = PBXBuildFile; fileRef = 1B2CE8E62521FBC90016C194 /* Customer.swift */; };
		1B2CE8EA2521FC500016C194 /* Address.swift in Sources */ = {isa = PBXBuildFile; fileRef = 1B2CE8E92521FC500016C194 /* Address.swift */; };
		1B2CE8ED2521FC840016C194 /* Invoice.swift in Sources */ = {isa = PBXBuildFile; fileRef = 1B2CE8EC2521FC840016C194 /* Invoice.swift */; };
		1B2CE8F0252209E70016C194 /* Contract.swift in Sources */ = {isa = PBXBuildFile; fileRef = 1B2CE8EF252209E70016C194 /* Contract.swift */; };
		1B2CE8F325220CC80016C194 /* Pagination.swift in Sources */ = {isa = PBXBuildFile; fileRef = 1B2CE8F225220CC80016C194 /* Pagination.swift */; };
		1B2CE8F6252215590016C194 /* CustomerDetail.swift in Sources */ = {isa = PBXBuildFile; fileRef = 1B2CE8F5252215590016C194 /* CustomerDetail.swift */; };
		1B2CE8FA25221A750016C194 /* Optionals.swift in Sources */ = {isa = PBXBuildFile; fileRef = 1B2CE8F925221A750016C194 /* Optionals.swift */; };
		1B3E8DC325246F170016499B /* Contracts.swift in Sources */ = {isa = PBXBuildFile; fileRef = 1B3E8DC225246F170016499B /* Contracts.swift */; };
		1B3E8DC6252470D30016499B /* ContractDetail.swift in Sources */ = {isa = PBXBuildFile; fileRef = 1B3E8DC5252470D30016499B /* ContractDetail.swift */; };
		1B3E8DCA252471AC0016499B /* ListRow.swift in Sources */ = {isa = PBXBuildFile; fileRef = 1B3E8DC9252471AC0016499B /* ListRow.swift */; };
		1B56413A251DF5A20085AE2E /* Layout.swift in Sources */ = {isa = PBXBuildFile; fileRef = 1B564139251DF5A20085AE2E /* Layout.swift */; };
		1B56413F251DF7130085AE2E /* Charts.swift in Sources */ = {isa = PBXBuildFile; fileRef = 1B56413E251DF7130085AE2E /* Charts.swift */; };
		1B925ECA251A3AE9007FF85D /* InvoiceKitApp.swift in Sources */ = {isa = PBXBuildFile; fileRef = 1B925EC9251A3AE9007FF85D /* InvoiceKitApp.swift */; };
		1B925ECC251A3AE9007FF85D /* ContentView.swift in Sources */ = {isa = PBXBuildFile; fileRef = 1B925ECB251A3AE9007FF85D /* ContentView.swift */; };
		1B925ECE251A3AE9007FF85D /* Assets.xcassets in Resources */ = {isa = PBXBuildFile; fileRef = 1B925ECD251A3AE9007FF85D /* Assets.xcassets */; };
		1B925ED1251A3AE9007FF85D /* Preview Assets.xcassets in Resources */ = {isa = PBXBuildFile; fileRef = 1B925ED0251A3AE9007FF85D /* Preview Assets.xcassets */; };
		1B925EEE251C9B39007FF85D /* Moya in Frameworks */ = {isa = PBXBuildFile; productRef = 1B925EED251C9B39007FF85D /* Moya */; };
		1B925EF3251C9B60007FF85D /* Endpoint.swift in Sources */ = {isa = PBXBuildFile; fileRef = 1B925EF2251C9B60007FF85D /* Endpoint.swift */; };
		1B925EF7251C9B9C007FF85D /* Targets.swift in Sources */ = {isa = PBXBuildFile; fileRef = 1B925EF6251C9B9C007FF85D /* Targets.swift */; };
		1B925EFA251CAF39007FF85D /* Client.swift in Sources */ = {isa = PBXBuildFile; fileRef = 1B925EF9251CAF39007FF85D /* Client.swift */; };
		1B925EFE251CAF7D007FF85D /* Team.swift in Sources */ = {isa = PBXBuildFile; fileRef = 1B925EFD251CAF7D007FF85D /* Team.swift */; };
		1BA924BA251CC37B00D0C153 /* KeychainSwift in Frameworks */ = {isa = PBXBuildFile; productRef = 1BA924B9251CC37B00D0C153 /* KeychainSwift */; };
		1BA924C0251CCB2400D0C153 /* Dashboard.swift in Sources */ = {isa = PBXBuildFile; fileRef = 1BA924BF251CCB2400D0C153 /* Dashboard.swift */; };
		1BA924C3251CCB3C00D0C153 /* Authenticate.swift in Sources */ = {isa = PBXBuildFile; fileRef = 1BA924C2251CCB3C00D0C153 /* Authenticate.swift */; };
		1BD82C8725224E1500BCFE82 /* InvoiceDetail.swift in Sources */ = {isa = PBXBuildFile; fileRef = 1BD82C8625224E1500BCFE82 /* InvoiceDetail.swift */; };
		1BD82C8C2522543100BCFE82 /* PricingRow.swift in Sources */ = {isa = PBXBuildFile; fileRef = 1BD82C8B2522543100BCFE82 /* PricingRow.swift */; };
		1BD82C91252258EE00BCFE82 /* BetterSafariView in Frameworks */ = {isa = PBXBuildFile; productRef = 1BD82C90252258EE00BCFE82 /* BetterSafariView */; };
		1BD82C9425225D7C00BCFE82 /* Invoices.swift in Sources */ = {isa = PBXBuildFile; fileRef = 1BD82C9325225D7C00BCFE82 /* Invoices.swift */; };
/* End PBXBuildFile section */

/* Begin PBXFileReference section */
		1B2CE8DC2521F6DE0016C194 /* ChartCard.swift */ = {isa = PBXFileReference; lastKnownFileType = sourcecode.swift; path = ChartCard.swift; sourceTree = "<group>"; };
		1B2CE8DF2521F8740016C194 /* SingleChartCard.swift */ = {isa = PBXFileReference; lastKnownFileType = sourcecode.swift; path = SingleChartCard.swift; sourceTree = "<group>"; };
		1B2CE8E32521FB980016C194 /* Customers.swift */ = {isa = PBXFileReference; lastKnownFileType = sourcecode.swift; path = Customers.swift; sourceTree = "<group>"; };
		1B2CE8E62521FBC90016C194 /* Customer.swift */ = {isa = PBXFileReference; lastKnownFileType = sourcecode.swift; path = Customer.swift; sourceTree = "<group>"; };
		1B2CE8E92521FC500016C194 /* Address.swift */ = {isa = PBXFileReference; lastKnownFileType = sourcecode.swift; path = Address.swift; sourceTree = "<group>"; };
		1B2CE8EC2521FC840016C194 /* Invoice.swift */ = {isa = PBXFileReference; lastKnownFileType = sourcecode.swift; path = Invoice.swift; sourceTree = "<group>"; };
		1B2CE8EF252209E70016C194 /* Contract.swift */ = {isa = PBXFileReference; lastKnownFileType = sourcecode.swift; path = Contract.swift; sourceTree = "<group>"; };
		1B2CE8F225220CC80016C194 /* Pagination.swift */ = {isa = PBXFileReference; lastKnownFileType = sourcecode.swift; path = Pagination.swift; sourceTree = "<group>"; };
		1B2CE8F5252215590016C194 /* CustomerDetail.swift */ = {isa = PBXFileReference; lastKnownFileType = sourcecode.swift; path = CustomerDetail.swift; sourceTree = "<group>"; };
		1B2CE8F925221A750016C194 /* Optionals.swift */ = {isa = PBXFileReference; lastKnownFileType = sourcecode.swift; path = Optionals.swift; sourceTree = "<group>"; };
		1B3E8DC225246F170016499B /* Contracts.swift */ = {isa = PBXFileReference; lastKnownFileType = sourcecode.swift; path = Contracts.swift; sourceTree = "<group>"; };
		1B3E8DC5252470D30016499B /* ContractDetail.swift */ = {isa = PBXFileReference; lastKnownFileType = sourcecode.swift; path = ContractDetail.swift; sourceTree = "<group>"; };
		1B3E8DC9252471AC0016499B /* ListRow.swift */ = {isa = PBXFileReference; lastKnownFileType = sourcecode.swift; path = ListRow.swift; sourceTree = "<group>"; };
		1B564139251DF5A20085AE2E /* Layout.swift */ = {isa = PBXFileReference; lastKnownFileType = sourcecode.swift; path = Layout.swift; sourceTree = "<group>"; };
		1B56413E251DF7130085AE2E /* Charts.swift */ = {isa = PBXFileReference; lastKnownFileType = sourcecode.swift; path = Charts.swift; sourceTree = "<group>"; };
		1B925EC6251A3AE9007FF85D /* InvoiceKit.app */ = {isa = PBXFileReference; explicitFileType = wrapper.application; includeInIndex = 0; path = InvoiceKit.app; sourceTree = BUILT_PRODUCTS_DIR; };
		1B925EC9251A3AE9007FF85D /* InvoiceKitApp.swift */ = {isa = PBXFileReference; lastKnownFileType = sourcecode.swift; path = InvoiceKitApp.swift; sourceTree = "<group>"; };
		1B925ECB251A3AE9007FF85D /* ContentView.swift */ = {isa = PBXFileReference; lastKnownFileType = sourcecode.swift; path = ContentView.swift; sourceTree = "<group>"; };
		1B925ECD251A3AE9007FF85D /* Assets.xcassets */ = {isa = PBXFileReference; lastKnownFileType = folder.assetcatalog; path = Assets.xcassets; sourceTree = "<group>"; };
		1B925ED0251A3AE9007FF85D /* Preview Assets.xcassets */ = {isa = PBXFileReference; lastKnownFileType = folder.assetcatalog; path = "Preview Assets.xcassets"; sourceTree = "<group>"; };
		1B925ED2251A3AE9007FF85D /* Info.plist */ = {isa = PBXFileReference; lastKnownFileType = text.plist.xml; path = Info.plist; sourceTree = "<group>"; };
		1B925EF2251C9B60007FF85D /* Endpoint.swift */ = {isa = PBXFileReference; lastKnownFileType = sourcecode.swift; path = Endpoint.swift; sourceTree = "<group>"; };
		1B925EF6251C9B9C007FF85D /* Targets.swift */ = {isa = PBXFileReference; lastKnownFileType = sourcecode.swift; path = Targets.swift; sourceTree = "<group>"; };
		1B925EF9251CAF39007FF85D /* Client.swift */ = {isa = PBXFileReference; lastKnownFileType = sourcecode.swift; path = Client.swift; sourceTree = "<group>"; };
		1B925EFD251CAF7D007FF85D /* Team.swift */ = {isa = PBXFileReference; lastKnownFileType = sourcecode.swift; path = Team.swift; sourceTree = "<group>"; };
		1BA924BF251CCB2400D0C153 /* Dashboard.swift */ = {isa = PBXFileReference; lastKnownFileType = sourcecode.swift; path = Dashboard.swift; sourceTree = "<group>"; };
		1BA924C2251CCB3C00D0C153 /* Authenticate.swift */ = {isa = PBXFileReference; lastKnownFileType = sourcecode.swift; path = Authenticate.swift; sourceTree = "<group>"; };
		1BD82C8625224E1500BCFE82 /* InvoiceDetail.swift */ = {isa = PBXFileReference; lastKnownFileType = sourcecode.swift; path = InvoiceDetail.swift; sourceTree = "<group>"; };
		1BD82C8B2522543100BCFE82 /* PricingRow.swift */ = {isa = PBXFileReference; lastKnownFileType = sourcecode.swift; path = PricingRow.swift; sourceTree = "<group>"; };
		1BD82C9325225D7C00BCFE82 /* Invoices.swift */ = {isa = PBXFileReference; lastKnownFileType = sourcecode.swift; path = Invoices.swift; sourceTree = "<group>"; };
/* End PBXFileReference section */

/* Begin PBXFrameworksBuildPhase section */
		1B925EC3251A3AE9007FF85D /* Frameworks */ = {
			isa = PBXFrameworksBuildPhase;
			buildActionMask = 2147483647;
			files = (
				1B2CE8D92521ED100016C194 /* SwiftUICharts in Frameworks */,
				1BA924BA251CC37B00D0C153 /* KeychainSwift in Frameworks */,
				1B925EEE251C9B39007FF85D /* Moya in Frameworks */,
				1BD82C91252258EE00BCFE82 /* BetterSafariView in Frameworks */,
			);
			runOnlyForDeploymentPostprocessing = 0;
		};
/* End PBXFrameworksBuildPhase section */

/* Begin PBXGroup section */
		1B2CE8DB2521F6CF0016C194 /* Components */ = {
			isa = PBXGroup;
			children = (
				1B2CE8DC2521F6DE0016C194 /* ChartCard.swift */,
				1B2CE8DF2521F8740016C194 /* SingleChartCard.swift */,
			);
			path = Components;
			sourceTree = "<group>";
		};
		1B2CE8E22521FADA0016C194 /* Customers */ = {
			isa = PBXGroup;
			children = (
				1B2CE8E32521FB980016C194 /* Customers.swift */,
				1B2CE8F5252215590016C194 /* CustomerDetail.swift */,
			);
			path = Customers;
			sourceTree = "<group>";
		};
		1B2CE8F825221A630016C194 /* Extensions */ = {
			isa = PBXGroup;
			children = (
				1B2CE8F925221A750016C194 /* Optionals.swift */,
			);
			path = Extensions;
			sourceTree = "<group>";
		};
		1B3E8DC125246F070016499B /* Contracts */ = {
			isa = PBXGroup;
			children = (
				1B3E8DC225246F170016499B /* Contracts.swift */,
				1B3E8DC5252470D30016499B /* ContractDetail.swift */,
			);
			path = Contracts;
			sourceTree = "<group>";
		};
		1B3E8DC8252471A00016499B /* Components */ = {
			isa = PBXGroup;
			children = (
				1B3E8DC9252471AC0016499B /* ListRow.swift */,
			);
			path = Components;
			sourceTree = "<group>";
		};
		1B564138251DF3B80085AE2E /* Layout */ = {
			isa = PBXGroup;
			children = (
				1B564139251DF5A20085AE2E /* Layout.swift */,
			);
			path = Layout;
			sourceTree = "<group>";
		};
		1B925EBD251A3AE9007FF85D = {
			isa = PBXGroup;
			children = (
				1B925EC8251A3AE9007FF85D /* InvoiceKit */,
				1B925EC7251A3AE9007FF85D /* Products */,
			);
			sourceTree = "<group>";
		};
		1B925EC7251A3AE9007FF85D /* Products */ = {
			isa = PBXGroup;
			children = (
				1B925EC6251A3AE9007FF85D /* InvoiceKit.app */,
			);
			name = Products;
			sourceTree = "<group>";
		};
		1B925EC8251A3AE9007FF85D /* InvoiceKit */ = {
			isa = PBXGroup;
			children = (
				1B2CE8F825221A630016C194 /* Extensions */,
				1BA924BC251CCB0300D0C153 /* Views */,
				1B925EFC251CAF65007FF85D /* Models */,
				1B925EF0251C9B40007FF85D /* API */,
				1B925EC9251A3AE9007FF85D /* InvoiceKitApp.swift */,
				1B925ECD251A3AE9007FF85D /* Assets.xcassets */,
				1B925ED2251A3AE9007FF85D /* Info.plist */,
				1B925ECF251A3AE9007FF85D /* Preview Content */,
			);
			path = InvoiceKit;
			sourceTree = "<group>";
		};
		1B925ECF251A3AE9007FF85D /* Preview Content */ = {
			isa = PBXGroup;
			children = (
				1B925ED0251A3AE9007FF85D /* Preview Assets.xcassets */,
			);
			path = "Preview Content";
			sourceTree = "<group>";
		};
		1B925EF0251C9B40007FF85D /* API */ = {
			isa = PBXGroup;
			children = (
				1B925EF2251C9B60007FF85D /* Endpoint.swift */,
				1B925EF6251C9B9C007FF85D /* Targets.swift */,
				1B925EF9251CAF39007FF85D /* Client.swift */,
			);
			path = API;
			sourceTree = "<group>";
		};
		1B925EFC251CAF65007FF85D /* Models */ = {
			isa = PBXGroup;
			children = (
				1B925EFD251CAF7D007FF85D /* Team.swift */,
				1B56413E251DF7130085AE2E /* Charts.swift */,
				1B2CE8E62521FBC90016C194 /* Customer.swift */,
				1B2CE8E92521FC500016C194 /* Address.swift */,
				1B2CE8EC2521FC840016C194 /* Invoice.swift */,
				1B2CE8EF252209E70016C194 /* Contract.swift */,
				1B2CE8F225220CC80016C194 /* Pagination.swift */,
			);
			path = Models;
			sourceTree = "<group>";
		};
		1BA924BC251CCB0300D0C153 /* Views */ = {
			isa = PBXGroup;
			children = (
				1B3E8DC8252471A00016499B /* Components */,
				1B3E8DC125246F070016499B /* Contracts */,
				1BD82C8525224E0400BCFE82 /* Invoices */,
				1B2CE8E22521FADA0016C194 /* Customers */,
				1B564138251DF3B80085AE2E /* Layout */,
				1BA924BE251CCB1200D0C153 /* Authentication */,
				1BA924BD251CCB0E00D0C153 /* Dashboard */,
				1B925ECB251A3AE9007FF85D /* ContentView.swift */,
			);
			path = Views;
			sourceTree = "<group>";
		};
		1BA924BD251CCB0E00D0C153 /* Dashboard */ = {
			isa = PBXGroup;
			children = (
				1B2CE8DB2521F6CF0016C194 /* Components */,
				1BA924BF251CCB2400D0C153 /* Dashboard.swift */,
			);
			path = Dashboard;
			sourceTree = "<group>";
		};
		1BA924BE251CCB1200D0C153 /* Authentication */ = {
			isa = PBXGroup;
			children = (
				1BA924C2251CCB3C00D0C153 /* Authenticate.swift */,
			);
			path = Authentication;
			sourceTree = "<group>";
		};
		1BD82C8525224E0400BCFE82 /* Invoices */ = {
			isa = PBXGroup;
			children = (
				1BD82C8A2522542600BCFE82 /* Components */,
				1BD82C8625224E1500BCFE82 /* InvoiceDetail.swift */,
				1BD82C9325225D7C00BCFE82 /* Invoices.swift */,
			);
			path = Invoices;
			sourceTree = "<group>";
		};
		1BD82C8A2522542600BCFE82 /* Components */ = {
			isa = PBXGroup;
			children = (
				1BD82C8B2522543100BCFE82 /* PricingRow.swift */,
			);
			path = Components;
			sourceTree = "<group>";
		};
/* End PBXGroup section */

/* Begin PBXNativeTarget section */
		1B925EC5251A3AE9007FF85D /* InvoiceKit */ = {
			isa = PBXNativeTarget;
			buildConfigurationList = 1B925ED5251A3AE9007FF85D /* Build configuration list for PBXNativeTarget "InvoiceKit" */;
			buildPhases = (
				1B925EC2251A3AE9007FF85D /* Sources */,
				1B925EC3251A3AE9007FF85D /* Frameworks */,
				1B925EC4251A3AE9007FF85D /* Resources */,
			);
			buildRules = (
			);
			dependencies = (
			);
			name = InvoiceKit;
			packageProductDependencies = (
				1B925EED251C9B39007FF85D /* Moya */,
				1BA924B9251CC37B00D0C153 /* KeychainSwift */,
				1B2CE8D82521ED100016C194 /* SwiftUICharts */,
				1BD82C90252258EE00BCFE82 /* BetterSafariView */,
			);
			productName = InvoiceKit;
			productReference = 1B925EC6251A3AE9007FF85D /* InvoiceKit.app */;
			productType = "com.apple.product-type.application";
		};
/* End PBXNativeTarget section */

/* Begin PBXProject section */
		1B925EBE251A3AE9007FF85D /* Project object */ = {
			isa = PBXProject;
			attributes = {
				LastSwiftUpdateCheck = 1200;
				LastUpgradeCheck = 1200;
				TargetAttributes = {
					1B925EC5251A3AE9007FF85D = {
						CreatedOnToolsVersion = 12.0;
					};
				};
			};
			buildConfigurationList = 1B925EC1251A3AE9007FF85D /* Build configuration list for PBXProject "InvoiceKit" */;
			compatibilityVersion = "Xcode 9.3";
			developmentRegion = en;
			hasScannedForEncodings = 0;
			knownRegions = (
				en,
				Base,
			);
			mainGroup = 1B925EBD251A3AE9007FF85D;
			packageReferences = (
				1B925EEC251C9B39007FF85D /* XCRemoteSwiftPackageReference "Moya" */,
				1BA924B8251CC37B00D0C153 /* XCRemoteSwiftPackageReference "keychain-swift" */,
				1B2CE8D72521ED100016C194 /* XCRemoteSwiftPackageReference "SwiftUICharts" */,
				1BD82C8F252258EE00BCFE82 /* XCRemoteSwiftPackageReference "BetterSafariView" */,
			);
			productRefGroup = 1B925EC7251A3AE9007FF85D /* Products */;
			projectDirPath = "";
			projectRoot = "";
			targets = (
				1B925EC5251A3AE9007FF85D /* InvoiceKit */,
			);
		};
/* End PBXProject section */

/* Begin PBXResourcesBuildPhase section */
		1B925EC4251A3AE9007FF85D /* Resources */ = {
			isa = PBXResourcesBuildPhase;
			buildActionMask = 2147483647;
			files = (
				1B925ED1251A3AE9007FF85D /* Preview Assets.xcassets in Resources */,
				1B925ECE251A3AE9007FF85D /* Assets.xcassets in Resources */,
			);
			runOnlyForDeploymentPostprocessing = 0;
		};
/* End PBXResourcesBuildPhase section */

/* Begin PBXSourcesBuildPhase section */
		1B925EC2251A3AE9007FF85D /* Sources */ = {
			isa = PBXSourcesBuildPhase;
			buildActionMask = 2147483647;
			files = (
				1B925ECC251A3AE9007FF85D /* ContentView.swift in Sources */,
				1B2CE8F6252215590016C194 /* CustomerDetail.swift in Sources */,
				1B2CE8E72521FBC90016C194 /* Customer.swift in Sources */,
				1B3E8DC325246F170016499B /* Contracts.swift in Sources */,
				1BD82C8725224E1500BCFE82 /* InvoiceDetail.swift in Sources */,
				1BA924C0251CCB2400D0C153 /* Dashboard.swift in Sources */,
				1B925EF3251C9B60007FF85D /* Endpoint.swift in Sources */,
				1B3E8DC6252470D30016499B /* ContractDetail.swift in Sources */,
				1B925EFE251CAF7D007FF85D /* Team.swift in Sources */,
				1B2CE8ED2521FC840016C194 /* Invoice.swift in Sources */,
				1B925EF7251C9B9C007FF85D /* Targets.swift in Sources */,
				1B925EFA251CAF39007FF85D /* Client.swift in Sources */,
				1B56413A251DF5A20085AE2E /* Layout.swift in Sources */,
				1B2CE8E42521FB980016C194 /* Customers.swift in Sources */,
				1B2CE8EA2521FC500016C194 /* Address.swift in Sources */,
				1B925ECA251A3AE9007FF85D /* InvoiceKitApp.swift in Sources */,
				1BD82C9425225D7C00BCFE82 /* Invoices.swift in Sources */,
				1B2CE8DD2521F6DE0016C194 /* ChartCard.swift in Sources */,
				1BD82C8C2522543100BCFE82 /* PricingRow.swift in Sources */,
				1B2CE8F0252209E70016C194 /* Contract.swift in Sources */,
				1B2CE8FA25221A750016C194 /* Optionals.swift in Sources */,
				1B56413F251DF7130085AE2E /* Charts.swift in Sources */,
				1B2CE8F325220CC80016C194 /* Pagination.swift in Sources */,
				1B2CE8E02521F8740016C194 /* SingleChartCard.swift in Sources */,
				1BA924C3251CCB3C00D0C153 /* Authenticate.swift in Sources */,
				1B3E8DCA252471AC0016499B /* ListRow.swift in Sources */,
			);
			runOnlyForDeploymentPostprocessing = 0;
		};
/* End PBXSourcesBuildPhase section */

/* Begin XCBuildConfiguration section */
		1B925ED3251A3AE9007FF85D /* Debug */ = {
			isa = XCBuildConfiguration;
			buildSettings = {
				ALWAYS_SEARCH_USER_PATHS = NO;
				CLANG_ANALYZER_NONNULL = YES;
				CLANG_ANALYZER_NUMBER_OBJECT_CONVERSION = YES_AGGRESSIVE;
				CLANG_CXX_LANGUAGE_STANDARD = "gnu++14";
				CLANG_CXX_LIBRARY = "libc++";
				CLANG_ENABLE_MODULES = YES;
				CLANG_ENABLE_OBJC_ARC = YES;
				CLANG_ENABLE_OBJC_WEAK = YES;
				CLANG_WARN_BLOCK_CAPTURE_AUTORELEASING = YES;
				CLANG_WARN_BOOL_CONVERSION = YES;
				CLANG_WARN_COMMA = YES;
				CLANG_WARN_CONSTANT_CONVERSION = YES;
				CLANG_WARN_DEPRECATED_OBJC_IMPLEMENTATIONS = YES;
				CLANG_WARN_DIRECT_OBJC_ISA_USAGE = YES_ERROR;
				CLANG_WARN_DOCUMENTATION_COMMENTS = YES;
				CLANG_WARN_EMPTY_BODY = YES;
				CLANG_WARN_ENUM_CONVERSION = YES;
				CLANG_WARN_INFINITE_RECURSION = YES;
				CLANG_WARN_INT_CONVERSION = YES;
				CLANG_WARN_NON_LITERAL_NULL_CONVERSION = YES;
				CLANG_WARN_OBJC_IMPLICIT_RETAIN_SELF = YES;
				CLANG_WARN_OBJC_LITERAL_CONVERSION = YES;
				CLANG_WARN_OBJC_ROOT_CLASS = YES_ERROR;
				CLANG_WARN_QUOTED_INCLUDE_IN_FRAMEWORK_HEADER = YES;
				CLANG_WARN_RANGE_LOOP_ANALYSIS = YES;
				CLANG_WARN_STRICT_PROTOTYPES = YES;
				CLANG_WARN_SUSPICIOUS_MOVE = YES;
				CLANG_WARN_UNGUARDED_AVAILABILITY = YES_AGGRESSIVE;
				CLANG_WARN_UNREACHABLE_CODE = YES;
				CLANG_WARN__DUPLICATE_METHOD_MATCH = YES;
				COPY_PHASE_STRIP = NO;
				DEBUG_INFORMATION_FORMAT = dwarf;
				ENABLE_STRICT_OBJC_MSGSEND = YES;
				ENABLE_TESTABILITY = YES;
				GCC_C_LANGUAGE_STANDARD = gnu11;
				GCC_DYNAMIC_NO_PIC = NO;
				GCC_NO_COMMON_BLOCKS = YES;
				GCC_OPTIMIZATION_LEVEL = 0;
				GCC_PREPROCESSOR_DEFINITIONS = (
					"DEBUG=1",
					"$(inherited)",
				);
				GCC_WARN_64_TO_32_BIT_CONVERSION = YES;
				GCC_WARN_ABOUT_RETURN_TYPE = YES_ERROR;
				GCC_WARN_UNDECLARED_SELECTOR = YES;
				GCC_WARN_UNINITIALIZED_AUTOS = YES_AGGRESSIVE;
				GCC_WARN_UNUSED_FUNCTION = YES;
				GCC_WARN_UNUSED_VARIABLE = YES;
				IPHONEOS_DEPLOYMENT_TARGET = 14.0;
				ONLY_ACTIVE_ARCH = YES;
				SDKROOT = iphoneos;
				SWIFT_ACTIVE_COMPILATION_CONDITIONS = DEBUG;
				SWIFT_OPTIMIZATION_LEVEL = "-Onone";
				SWIFT_VERSION = 5.0;
			};
			name = Debug;
		};
		1B925ED4251A3AE9007FF85D /* Release */ = {
			isa = XCBuildConfiguration;
			buildSettings = {
				ALWAYS_SEARCH_USER_PATHS = NO;
				CLANG_ANALYZER_NONNULL = YES;
				CLANG_ANALYZER_NUMBER_OBJECT_CONVERSION = YES_AGGRESSIVE;
				CLANG_CXX_LANGUAGE_STANDARD = "gnu++14";
				CLANG_CXX_LIBRARY = "libc++";
				CLANG_ENABLE_MODULES = YES;
				CLANG_ENABLE_OBJC_ARC = YES;
				CLANG_ENABLE_OBJC_WEAK = YES;
				CLANG_WARN_BLOCK_CAPTURE_AUTORELEASING = YES;
				CLANG_WARN_BOOL_CONVERSION = YES;
				CLANG_WARN_COMMA = YES;
				CLANG_WARN_CONSTANT_CONVERSION = YES;
				CLANG_WARN_DEPRECATED_OBJC_IMPLEMENTATIONS = YES;
				CLANG_WARN_DIRECT_OBJC_ISA_USAGE = YES_ERROR;
				CLANG_WARN_DOCUMENTATION_COMMENTS = YES;
				CLANG_WARN_EMPTY_BODY = YES;
				CLANG_WARN_ENUM_CONVERSION = YES;
				CLANG_WARN_INFINITE_RECURSION = YES;
				CLANG_WARN_INT_CONVERSION = YES;
				CLANG_WARN_NON_LITERAL_NULL_CONVERSION = YES;
				CLANG_WARN_OBJC_IMPLICIT_RETAIN_SELF = YES;
				CLANG_WARN_OBJC_LITERAL_CONVERSION = YES;
				CLANG_WARN_OBJC_ROOT_CLASS = YES_ERROR;
				CLANG_WARN_QUOTED_INCLUDE_IN_FRAMEWORK_HEADER = YES;
				CLANG_WARN_RANGE_LOOP_ANALYSIS = YES;
				CLANG_WARN_STRICT_PROTOTYPES = YES;
				CLANG_WARN_SUSPICIOUS_MOVE = YES;
				CLANG_WARN_UNGUARDED_AVAILABILITY = YES_AGGRESSIVE;
				CLANG_WARN_UNREACHABLE_CODE = YES;
				CLANG_WARN__DUPLICATE_METHOD_MATCH = YES;
				COPY_PHASE_STRIP = NO;
				DEBUG_INFORMATION_FORMAT = "dwarf-with-dsym";
				ENABLE_NS_ASSERTIONS = NO;
				ENABLE_STRICT_OBJC_MSGSEND = YES;
				GCC_C_LANGUAGE_STANDARD = gnu11;
				GCC_NO_COMMON_BLOCKS = YES;
				GCC_WARN_64_TO_32_BIT_CONVERSION = YES;
				GCC_WARN_ABOUT_RETURN_TYPE = YES_ERROR;
				GCC_WARN_UNDECLARED_SELECTOR = YES;
				GCC_WARN_UNINITIALIZED_AUTOS = YES_AGGRESSIVE;
				GCC_WARN_UNUSED_FUNCTION = YES;
				GCC_WARN_UNUSED_VARIABLE = YES;
				IPHONEOS_DEPLOYMENT_TARGET = 14.0;
				SDKROOT = iphoneos;
				SWIFT_COMPILATION_MODE = wholemodule;
				SWIFT_OPTIMIZATION_LEVEL = "-O";
				SWIFT_VERSION = 5.0;
				VALIDATE_PRODUCT = YES;
			};
			name = Release;
		};
		1B925ED6251A3AE9007FF85D /* Debug */ = {
			isa = XCBuildConfiguration;
			buildSettings = {
				ASSETCATALOG_COMPILER_APPICON_NAME = AppIcon;
				ASSETCATALOG_COMPILER_GLOBAL_ACCENT_COLOR_NAME = AccentColor;
				CODE_SIGN_STYLE = Automatic;
				CURRENT_PROJECT_VERSION = 2;
				DEVELOPMENT_ASSET_PATHS = "\"InvoiceKit/Preview Content\"";
				DEVELOPMENT_TEAM = 834DH5487Q;
				ENABLE_PREVIEWS = YES;
				INFOPLIST_FILE = InvoiceKit/Info.plist;
				IPHONEOS_DEPLOYMENT_TARGET = 14.0;
				LD_RUNPATH_SEARCH_PATHS = (
					"$(inherited)",
					"@executable_path/Frameworks",
				);
				MARKETING_VERSION = 1.1;
				PRODUCT_BUNDLE_IDENTIFIER = com.vlourme.InvoiceKit;
				PRODUCT_NAME = "$(TARGET_NAME)";
				SWIFT_VERSION = 5.0;
				TARGETED_DEVICE_FAMILY = "1,2";
			};
			name = Debug;
		};
		1B925ED7251A3AE9007FF85D /* Release */ = {
			isa = XCBuildConfiguration;
			buildSettings = {
				ASSETCATALOG_COMPILER_APPICON_NAME = AppIcon;
				ASSETCATALOG_COMPILER_GLOBAL_ACCENT_COLOR_NAME = AccentColor;
				CODE_SIGN_STYLE = Automatic;
				CURRENT_PROJECT_VERSION = 2;
				DEVELOPMENT_ASSET_PATHS = "\"InvoiceKit/Preview Content\"";
				DEVELOPMENT_TEAM = 834DH5487Q;
				ENABLE_PREVIEWS = YES;
				INFOPLIST_FILE = InvoiceKit/Info.plist;
				IPHONEOS_DEPLOYMENT_TARGET = 14.0;
				LD_RUNPATH_SEARCH_PATHS = (
					"$(inherited)",
					"@executable_path/Frameworks",
				);
				MARKETING_VERSION = 1.1;
				PRODUCT_BUNDLE_IDENTIFIER = com.vlourme.InvoiceKit;
				PRODUCT_NAME = "$(TARGET_NAME)";
				SWIFT_VERSION = 5.0;
				TARGETED_DEVICE_FAMILY = "1,2";
			};
			name = Release;
		};
/* End XCBuildConfiguration section */

/* Begin XCConfigurationList section */
		1B925EC1251A3AE9007FF85D /* Build configuration list for PBXProject "InvoiceKit" */ = {
			isa = XCConfigurationList;
			buildConfigurations = (
				1B925ED3251A3AE9007FF85D /* Debug */,
				1B925ED4251A3AE9007FF85D /* Release */,
			);
			defaultConfigurationIsVisible = 0;
			defaultConfigurationName = Release;
		};
		1B925ED5251A3AE9007FF85D /* Build configuration list for PBXNativeTarget "InvoiceKit" */ = {
			isa = XCConfigurationList;
			buildConfigurations = (
				1B925ED6251A3AE9007FF85D /* Debug */,
				1B925ED7251A3AE9007FF85D /* Release */,
			);
			defaultConfigurationIsVisible = 0;
			defaultConfigurationName = Release;
		};
/* End XCConfigurationList section */

/* Begin XCRemoteSwiftPackageReference section */
		1B2CE8D72521ED100016C194 /* XCRemoteSwiftPackageReference "SwiftUICharts" */ = {
			isa = XCRemoteSwiftPackageReference;
			repositoryURL = "https://github.com/mecid/SwiftUICharts";
			requirement = {
				kind = upToNextMajorVersion;
				minimumVersion = 0.3.0;
			};
		};
		1B925EEC251C9B39007FF85D /* XCRemoteSwiftPackageReference "Moya" */ = {
			isa = XCRemoteSwiftPackageReference;
			repositoryURL = "https://github.com/Moya/Moya.git";
			requirement = {
				kind = upToNextMajorVersion;
				minimumVersion = 14.0.0;
			};
		};
		1BA924B8251CC37B00D0C153 /* XCRemoteSwiftPackageReference "keychain-swift" */ = {
			isa = XCRemoteSwiftPackageReference;
			repositoryURL = "https://github.com/evgenyneu/keychain-swift.git";
			requirement = {
				kind = upToNextMajorVersion;
				minimumVersion = 19.0.0;
			};
		};
		1BD82C8F252258EE00BCFE82 /* XCRemoteSwiftPackageReference "BetterSafariView" */ = {
			isa = XCRemoteSwiftPackageReference;
			repositoryURL = "https://github.com/stleamist/BetterSafariView.git";
			requirement = {
				kind = upToNextMajorVersion;
				minimumVersion = 2.2.2;
			};
		};
/* End XCRemoteSwiftPackageReference section */

/* Begin XCSwiftPackageProductDependency section */
		1B2CE8D82521ED100016C194 /* SwiftUICharts */ = {
			isa = XCSwiftPackageProductDependency;
			package = 1B2CE8D72521ED100016C194 /* XCRemoteSwiftPackageReference "SwiftUICharts" */;
			productName = SwiftUICharts;
		};
		1B925EED251C9B39007FF85D /* Moya */ = {
			isa = XCSwiftPackageProductDependency;
			package = 1B925EEC251C9B39007FF85D /* XCRemoteSwiftPackageReference "Moya" */;
			productName = Moya;
		};
		1BA924B9251CC37B00D0C153 /* KeychainSwift */ = {
			isa = XCSwiftPackageProductDependency;
			package = 1BA924B8251CC37B00D0C153 /* XCRemoteSwiftPackageReference "keychain-swift" */;
			productName = KeychainSwift;
		};
		1BD82C90252258EE00BCFE82 /* BetterSafariView */ = {
			isa = XCSwiftPackageProductDependency;
			package = 1BD82C8F252258EE00BCFE82 /* XCRemoteSwiftPackageReference "BetterSafariView" */;
			productName = BetterSafariView;
		};
/* End XCSwiftPackageProductDependency section */
	};
	rootObject = 1B925EBE251A3AE9007FF85D /* Project object */;
}
